{
  "name": "test-dawg-trie",
  "version": "1.0.0",
  "lockfileVersion": 1,
  "requires": true,
  "dependencies": {
    "dawg-lookup": {
      "version": "2.2.1",
      "resolved": "https://registry.npmjs.org/dawg-lookup/-/dawg-lookup-2.2.1.tgz",
      "integrity": "sha1-ofNhxgOZk8TilCvcNhASUyRHgEs="
    },
    "node-ternary-search-trie": {
      "version": "5.4.3",
      "resolved": "https://registry.npmjs.org/node-ternary-search-trie/-/node-ternary-search-trie-5.4.3.tgz",
      "integrity": "sha512-DbCM1O2qNShPmWHqno+z39GNgk6LNfFImjkjn6jZM6lgyAwWrFNiOzIQb2wGJ2NprjRlJWS6GAufkuvr+s+pBA=="
    }
  }
}
